
Microsoft Visual Studio Solution File, Format Version 12.00
# Visual Studio 15
VisualStudioVersion = 15.0.27428.2015
MinimumVisualStudioVersion = 10.0.40219.1
Project("{FAE04EC0-301F-11D3-BF4B-00C04F79EFBC}") = "WebScraper", "WebScraper\WebScraper.csproj", "{4CE19E9B-40BF-4D08-95F3-6C387F53B411}"
EndProject
Global
	GlobalSection(SolutionConfigurationPlatforms) = preSolution
		Debug|Any CPU = Debug|Any CPU
		Release|Any CPU = Release|Any CPU
	EndGlobalSection
	GlobalSection(ProjectConfigurationPlatforms) = postSolution
		{4CE19E9B-40BF-4D08-95F3-6C387F53B411}.Debug|Any CPU.ActiveCfg = Debug|Any CPU
		{4CE19E9B-40BF-4D08-95F3-6C387F53B411}.Debug|Any CPU.Build.0 = Debug|Any CPU
		{4CE19E9B-40BF-4D08-95F3-6C387F53B411}.Release|Any CPU.ActiveCfg = Release|Any CPU
		{4CE19E9B-40BF-4D08-95F3-6C387F53B411}.Release|Any CPU.Build.0 = Release|Any CPU
	EndGlobalSection
	GlobalSection(SolutionProperties) = preSolution
		HideSolutionNode = FALSE
	EndGlobalSection
	GlobalSection(ExtensibilityGlobals) = postSolution
		SolutionGuid = {EB4C839D-5B11-42B4-B33C-C8843AA65E76}
	EndGlobalSection
EndGlobal
